
Microsoft Visual Studio Solution File, Format Version 12.00
# Visual Studio Version 17
VisualStudioVersion = 17.13.35825.156
MinimumVisualStudioVersion = 10.0.40219.1
Project("{F184B08F-C81C-45F6-A57F-5ABD9991F28F}") = "InvenTEHIBA", "InventHIBA\InvenTEHIBA.vbproj", "{4C7BDE50-C62E-475D-A783-2812669FF8A9}"
EndProject
Project("{840C416C-B8F3-42BC-B0DD-F6BB14C9F8CB}") = "AdvanceTEHIBA", "AdvanceTEHIBA\AdvanceTEHIBA.aiproj", "{B2B34BF6-50E4-4DA7-B841-DA72325144B5}"
EndProject
Global
	GlobalSection(SolutionConfigurationPlatforms) = preSolution
		All|Any CPU = All|Any CPU
		Debug|Any CPU = Debug|Any CPU
		DefaultBuild|Any CPU = DefaultBuild|Any CPU
		Release|Any CPU = Release|Any CPU
	EndGlobalSection
	GlobalSection(ProjectConfigurationPlatforms) = postSolution
		{4C7BDE50-C62E-475D-A783-2812669FF8A9}.All|Any CPU.ActiveCfg = Debug|Any CPU
		{4C7BDE50-C62E-475D-A783-2812669FF8A9}.All|Any CPU.Build.0 = Debug|Any CPU
		{4C7BDE50-C62E-475D-A783-2812669FF8A9}.Debug|Any CPU.ActiveCfg = Debug|Any CPU
		{4C7BDE50-C62E-475D-A783-2812669FF8A9}.Debug|Any CPU.Build.0 = Debug|Any CPU
		{4C7BDE50-C62E-475D-A783-2812669FF8A9}.DefaultBuild|Any CPU.ActiveCfg = Release|Any CPU
		{4C7BDE50-C62E-475D-A783-2812669FF8A9}.DefaultBuild|Any CPU.Build.0 = Release|Any CPU
		{4C7BDE50-C62E-475D-A783-2812669FF8A9}.Release|Any CPU.ActiveCfg = Release|Any CPU
		{4C7BDE50-C62E-475D-A783-2812669FF8A9}.Release|Any CPU.Build.0 = Release|Any CPU
		{B2B34BF6-50E4-4DA7-B841-DA72325144B5}.All|Any CPU.ActiveCfg = DefaultBuild
		{B2B34BF6-50E4-4DA7-B841-DA72325144B5}.All|Any CPU.Build.0 = DefaultBuild
		{B2B34BF6-50E4-4DA7-B841-DA72325144B5}.Debug|Any CPU.ActiveCfg = DefaultBuild
		{B2B34BF6-50E4-4DA7-B841-DA72325144B5}.Debug|Any CPU.Build.0 = DefaultBuild
		{B2B34BF6-50E4-4DA7-B841-DA72325144B5}.DefaultBuild|Any CPU.ActiveCfg = DefaultBuild
		{B2B34BF6-50E4-4DA7-B841-DA72325144B5}.DefaultBuild|Any CPU.Build.0 = DefaultBuild
		{B2B34BF6-50E4-4DA7-B841-DA72325144B5}.Release|Any CPU.ActiveCfg = DefaultBuild
		{B2B34BF6-50E4-4DA7-B841-DA72325144B5}.Release|Any CPU.Build.0 = DefaultBuild
	EndGlobalSection
	GlobalSection(SolutionProperties) = preSolution
		HideSolutionNode = FALSE
	EndGlobalSection
	GlobalSection(ExtensibilityGlobals) = postSolution
		SolutionGuid = {BFF67BA9-549E-4FFD-B3A7-8244055C880E}
	EndGlobalSection
EndGlobal
